
Microsoft Visual Studio Solution File, Format Version 12.00
# Visual Studio 2015
Project("{FAE04EC0-301F-11D3-BF4B-00C04F79EFBC}") = "vr-project-master.CSharp.Plugins", "vr-project-master.CSharp.Plugins.csproj", "{69B3E5FF-8007-4EAA-AA00-9E1FCD3AA586}"
EndProject
Project("{FAE04EC0-301F-11D3-BF4B-00C04F79EFBC}") = "vr-project-master.CSharp", "vr-project-master.CSharp.csproj", "{54AC205C-2119-81E1-4602-B1F0140BB7A1}"
EndProject
Project("{FAE04EC0-301F-11D3-BF4B-00C04F79EFBC}") = "vr-project-master.CSharp.Editor", "vr-project-master.CSharp.Editor.csproj", "{D4415A22-B207-05C3-F6D1-612255CE0231}"
EndProject
Global
	GlobalSection(SolutionConfigurationPlatforms) = preSolution
		Debug|Any CPU = Debug|Any CPU
		Release|Any CPU = Release|Any CPU
	EndGlobalSection
	GlobalSection(ProjectConfigurationPlatforms) = postSolution
		{69B3E5FF-8007-4EAA-AA00-9E1FCD3AA586}.Debug|Any CPU.ActiveCfg = Debug|Any CPU
		{69B3E5FF-8007-4EAA-AA00-9E1FCD3AA586}.Debug|Any CPU.Build.0 = Debug|Any CPU
		{69B3E5FF-8007-4EAA-AA00-9E1FCD3AA586}.Release|Any CPU.ActiveCfg = Release|Any CPU
		{69B3E5FF-8007-4EAA-AA00-9E1FCD3AA586}.Release|Any CPU.Build.0 = Release|Any CPU
		{54AC205C-2119-81E1-4602-B1F0140BB7A1}.Debug|Any CPU.ActiveCfg = Debug|Any CPU
		{54AC205C-2119-81E1-4602-B1F0140BB7A1}.Debug|Any CPU.Build.0 = Debug|Any CPU
		{54AC205C-2119-81E1-4602-B1F0140BB7A1}.Release|Any CPU.ActiveCfg = Release|Any CPU
		{54AC205C-2119-81E1-4602-B1F0140BB7A1}.Release|Any CPU.Build.0 = Release|Any CPU
		{D4415A22-B207-05C3-F6D1-612255CE0231}.Debug|Any CPU.ActiveCfg = Debug|Any CPU
		{D4415A22-B207-05C3-F6D1-612255CE0231}.Debug|Any CPU.Build.0 = Debug|Any CPU
		{D4415A22-B207-05C3-F6D1-612255CE0231}.Release|Any CPU.ActiveCfg = Release|Any CPU
		{D4415A22-B207-05C3-F6D1-612255CE0231}.Release|Any CPU.Build.0 = Release|Any CPU
	EndGlobalSection
	GlobalSection(SolutionProperties) = preSolution
		HideSolutionNode = FALSE
	EndGlobalSection
EndGlobal
